{
  "name": "@getclaps/proof-of-clap",
  "version": "0.3.0",
  "lockfileVersion": 2,
  "requires": true,
  "packages": {
    "": {
      "name": "@getclaps/proof-of-clap",
      "version": "0.3.0",
      "license": "MIT",
      "dependencies": {
        "typed-array-utils": "^0.1.0",
        "uuid-class": "^0.10.3"
      },
      "devDependencies": {
        "typescript": "^4.1.2"
      }
    },
    "node_modules/typed-array-utils": {
      "version": "0.1.0",
      "resolved": "https://registry.npmjs.org/typed-array-utils/-/typed-array-utils-0.1.0.tgz",
      "integrity": "sha512-vktjDuUmM4d1M751wxN9Tss3oMpcNjuPeC8RMdlz9RXAV87HlDBsNtLCnCA7SO/4eQTImZ7fwdR3kvEu1u28XQ=="
    },
    "node_modules/typescript": {
      "version": "4.1.2",
      "resolved": "https://registry.npmjs.org/typescript/-/typescript-4.1.2.tgz",
      "integrity": "sha512-thGloWsGH3SOxv1SoY7QojKi0tc+8FnOmiarEGMbd/lar7QOEd3hvlx3Fp5y6FlDUGl9L+pd4n2e+oToGMmhRQ==",
      "dev": true,
      "bin": {
        "tsc": "bin/tsc",
        "tsserver": "bin/tsserver"
      },
      "engines": {
        "node": ">=4.2.0"
      }
    },
    "node_modules/uuid-class": {
      "version": "0.10.3",
      "resolved": "https://registry.npmjs.org/uuid-class/-/uuid-class-0.10.3.tgz",
      "integrity": "sha512-ZuDWXh0AnkjLH/qIGC3eFWVwGStzrpy1iYFhJLNmic+fBJEsZZ2tx+hBYUGaRs0ECWHq8/kDCwZy6ykTxbhvBQ==",
      "engines": {
        "node": ">=10"
      }
    }
  },
  "dependencies": {
    "typed-array-utils": {
      "version": "0.1.0",
      "resolved": "https://registry.npmjs.org/typed-array-utils/-/typed-array-utils-0.1.0.tgz",
      "integrity": "sha512-vktjDuUmM4d1M751wxN9Tss3oMpcNjuPeC8RMdlz9RXAV87HlDBsNtLCnCA7SO/4eQTImZ7fwdR3kvEu1u28XQ=="
    },
    "typescript": {
      "version": "4.1.2",
      "resolved": "https://registry.npmjs.org/typescript/-/typescript-4.1.2.tgz",
      "integrity": "sha512-thGloWsGH3SOxv1SoY7QojKi0tc+8FnOmiarEGMbd/lar7QOEd3hvlx3Fp5y6FlDUGl9L+pd4n2e+oToGMmhRQ==",
      "dev": true
    },
    "uuid-class": {
      "version": "0.10.3",
      "resolved": "https://registry.npmjs.org/uuid-class/-/uuid-class-0.10.3.tgz",
      "integrity": "sha512-ZuDWXh0AnkjLH/qIGC3eFWVwGStzrpy1iYFhJLNmic+fBJEsZZ2tx+hBYUGaRs0ECWHq8/kDCwZy6ykTxbhvBQ=="
    }
  }
}
